
Microsoft Visual Studio Solution File, Format Version 12.00
# Visual Studio Version 17
VisualStudioVersion = 17.4.33110.190
MinimumVisualStudioVersion = 10.0.40219.1
Project("{FAE04EC0-301F-11D3-BF4B-00C04F79EFBC}") = "Dijkstra_App", "Dijkstra_App\Dijkstra_App.csproj", "{D40DDFD9-E742-40A8-A1B1-807D5902DE02}"
EndProject
Global
	GlobalSection(SolutionConfigurationPlatforms) = preSolution
		Debug|Any CPU = Debug|Any CPU
		Release|Any CPU = Release|Any CPU
	EndGlobalSection
	GlobalSection(ProjectConfigurationPlatforms) = postSolution
		{D40DDFD9-E742-40A8-A1B1-807D5902DE02}.Debug|Any CPU.ActiveCfg = Debug|Any CPU
		{D40DDFD9-E742-40A8-A1B1-807D5902DE02}.Debug|Any CPU.Build.0 = Debug|Any CPU
		{D40DDFD9-E742-40A8-A1B1-807D5902DE02}.Release|Any CPU.ActiveCfg = Release|Any CPU
		{D40DDFD9-E742-40A8-A1B1-807D5902DE02}.Release|Any CPU.Build.0 = Release|Any CPU
	EndGlobalSection
	GlobalSection(SolutionProperties) = preSolution
		HideSolutionNode = FALSE
	EndGlobalSection
	GlobalSection(ExtensibilityGlobals) = postSolution
		SolutionGuid = {D6159C82-1834-4A55-89F5-AAD4CC663D5A}
	EndGlobalSection
EndGlobal
